
Microsoft Visual Studio Solution File, Format Version 12.00
# Visual Studio Version 16
VisualStudioVersion = 16.0.32002.261
MinimumVisualStudioVersion = 10.0.40219.1
Project("{8BC9CEB8-8B4A-11D0-8D11-00A0C91BC942}") = "ParentalControl", "ParentalControl\ParentalControl.vcxproj", "{698AB40F-5BF5-4472-832E-583BF2DE3AD8}"
EndProject
Global
	GlobalSection(SolutionConfigurationPlatforms) = preSolution
		Debug|x64 = Debug|x64
		Debug|x86 = Debug|x86
		Release|x64 = Release|x64
		Release|x86 = Release|x86
	EndGlobalSection
	GlobalSection(ProjectConfigurationPlatforms) = postSolution
		{698AB40F-5BF5-4472-832E-583BF2DE3AD8}.Debug|x64.ActiveCfg = Debug|x64
		{698AB40F-5BF5-4472-832E-583BF2DE3AD8}.Debug|x64.Build.0 = Debug|x64
		{698AB40F-5BF5-4472-832E-583BF2DE3AD8}.Debug|x86.ActiveCfg = Debug|Win32
		{698AB40F-5BF5-4472-832E-583BF2DE3AD8}.Debug|x86.Build.0 = Debug|Win32
		{698AB40F-5BF5-4472-832E-583BF2DE3AD8}.Release|x64.ActiveCfg = Release|x64
		{698AB40F-5BF5-4472-832E-583BF2DE3AD8}.Release|x64.Build.0 = Release|x64
		{698AB40F-5BF5-4472-832E-583BF2DE3AD8}.Release|x86.ActiveCfg = Release|Win32
		{698AB40F-5BF5-4472-832E-583BF2DE3AD8}.Release|x86.Build.0 = Release|Win32
	EndGlobalSection
	GlobalSection(SolutionProperties) = preSolution
		HideSolutionNode = FALSE
	EndGlobalSection
	GlobalSection(ExtensibilityGlobals) = postSolution
		SolutionGuid = {3A09B972-481B-40C2-8804-71DCB3254CC8}
	EndGlobalSection
EndGlobal
